// !$*UTF8*$!
{
	archiveVersion = 1;
	classes = {
	};
	objectVersion = 46;
	objects = {

/* Begin PBXBuildFile section */
		761254F81D4A0C6400BE584E /* main.m in Sources */ = {isa = PBXBuildFile; fileRef = 761254F71D4A0C6400BE584E /* main.m */; };
		761254FB1D4A0C6400BE584E /* AppDelegate.m in Sources */ = {isa = PBXBuildFile; fileRef = 761254FA1D4A0C6400BE584E /* AppDelegate.m */; };
		761254FE1D4A0C6400BE584E /* ViewController.m in Sources */ = {isa = PBXBuildFile; fileRef = 761254FD1D4A0C6400BE584E /* ViewController.m */; };
		761255011D4A0C6400BE584E /* Main.storyboard in Resources */ = {isa = PBXBuildFile; fileRef = 761254FF1D4A0C6400BE584E /* Main.storyboard */; };
		761255031D4A0C6500BE584E /* Assets.xcassets in Resources */ = {isa = PBXBuildFile; fileRef = 761255021D4A0C6500BE584E /* Assets.xcassets */; };
		761255061D4A0C6500BE584E /* LaunchScreen.storyboard in Resources */ = {isa = PBXBuildFile; fileRef = 761255041D4A0C6500BE584E /* LaunchScreen.storyboard */; };
		761255111D4A0C6500BE584E /* test1Tests.m in Sources */ = {isa = PBXBuildFile; fileRef = 761255101D4A0C6500BE584E /* test1Tests.m */; };
		7612551C1D4A0C6500BE584E /* test1UITests.m in Sources */ = {isa = PBXBuildFile; fileRef = 7612551B1D4A0C6500BE584E /* test1UITests.m */; };
		761FBDD31D8168DD007B647E /* AppDelegate+YHPush.m in Sources */ = {isa = PBXBuildFile; fileRef = 761FBDD21D8168DD007B647E /* AppDelegate+YHPush.m */; };
		7629E5451D758908007C1D3A /* NSString+YHString.m in Sources */ = {isa = PBXBuildFile; fileRef = 7629E5441D758908007C1D3A /* NSString+YHString.m */; };
		76516D691D51FFA000FAFAFD /* TwoViewController.m in Sources */ = {isa = PBXBuildFile; fileRef = 76516D681D51FFA000FAFAFD /* TwoViewController.m */; };
		76516D6C1D52067E00FAFAFD /* TwoView.m in Sources */ = {isa = PBXBuildFile; fileRef = 76516D6B1D52067E00FAFAFD /* TwoView.m */; };
		765256041D747CC7000D11F7 /* YHEmployeeDevelopment.m in Sources */ = {isa = PBXBuildFile; fileRef = 765256031D747CC7000D11F7 /* YHEmployeeDevelopment.m */; };
		765256071D747CDB000D11F7 /* YHEmployeeDesigner.m in Sources */ = {isa = PBXBuildFile; fileRef = 765256061D747CDB000D11F7 /* YHEmployeeDesigner.m */; };
		7652560A1D747CF0000D11F7 /* YHEmployeeFinace.m in Sources */ = {isa = PBXBuildFile; fileRef = 765256091D747CF0000D11F7 /* YHEmployeeFinace.m */; };
		767F23981D757D7F000BD500 /* YHString.m in Sources */ = {isa = PBXBuildFile; fileRef = 767F23971D757D7F000BD500 /* YHString.m */; };
		76883AF41D6EE9DE00A44825 /* WebKit.framework in Frameworks */ = {isa = PBXBuildFile; fileRef = 76883AF31D6EE9DE00A44825 /* WebKit.framework */; };
		7692E98D1D5B1426005546E6 /* Model.xcdatamodeld in Sources */ = {isa = PBXBuildFile; fileRef = 7692E98B1D5B1426005546E6 /* Model.xcdatamodeld */; };
		76955B881D7448870097CDD6 /* YHHashTable.m in Sources */ = {isa = PBXBuildFile; fileRef = 76955B871D7448870097CDD6 /* YHHashTable.m */; };
		76B73F591D52F04200A37C56 /* ThreeViewController.m in Sources */ = {isa = PBXBuildFile; fileRef = 76B73F581D52F04200A37C56 /* ThreeViewController.m */; };
		76B73F5C1D53119E00A37C56 /* ThreeView.m in Sources */ = {isa = PBXBuildFile; fileRef = 76B73F5B1D53119E00A37C56 /* ThreeView.m */; };
		76F483DF1D4D9FC80089A26C /* QYHReqeuest.m in Sources */ = {isa = PBXBuildFile; fileRef = 76F483DE1D4D9FC80089A26C /* QYHReqeuest.m */; };
		DC5568F0A9D763631E33B1EE /* libPods.a in Frameworks */ = {isa = PBXBuildFile; fileRef = 1E4692B34DDF07EDD2E07941 /* libPods.a */; };
/* End PBXBuildFile section */

/* Begin PBXContainerItemProxy section */
		7612550D1D4A0C6500BE584E /* PBXContainerItemProxy */ = {
			isa = PBXContainerItemProxy;
			containerPortal = 761254EB1D4A0C6400BE584E /* Project object */;
			proxyType = 1;
			remoteGlobalIDString = 761254F21D4A0C6400BE584E;
			remoteInfo = test1;
		};
		761255181D4A0C6500BE584E /* PBXContainerItemProxy */ = {
			isa = PBXContainerItemProxy;
			containerPortal = 761254EB1D4A0C6400BE584E /* Project object */;
			proxyType = 1;
			remoteGlobalIDString = 761254F21D4A0C6400BE584E;
			remoteInfo = test1;
		};
/* End PBXContainerItemProxy section */

/* Begin PBXFileReference section */
		1E4692B34DDF07EDD2E07941 /* libPods.a */ = {isa = PBXFileReference; explicitFileType = archive.ar; includeInIndex = 0; path = libPods.a; sourceTree = BUILT_PRODUCTS_DIR; };
		41B1328527C8C8636DD13107 /* Pods.debug.xcconfig */ = {isa = PBXFileReference; includeInIndex = 1; lastKnownFileType = text.xcconfig; name = Pods.debug.xcconfig; path = "Pods/Target Support Files/Pods/Pods.debug.xcconfig"; sourceTree = "<group>"; };
		761254F31D4A0C6400BE584E /* test1.app */ = {isa = PBXFileReference; explicitFileType = wrapper.application; includeInIndex = 0; path = test1.app; sourceTree = BUILT_PRODUCTS_DIR; };
		761254F71D4A0C6400BE584E /* main.m */ = {isa = PBXFileReference; lastKnownFileType = sourcecode.c.objc; path = main.m; sourceTree = "<group>"; };
		761254F91D4A0C6400BE584E /* AppDelegate.h */ = {isa = PBXFileReference; lastKnownFileType = sourcecode.c.h; path = AppDelegate.h; sourceTree = "<group>"; };
		761254FA1D4A0C6400BE584E /* AppDelegate.m */ = {isa = PBXFileReference; lastKnownFileType = sourcecode.c.objc; path = AppDelegate.m; sourceTree = "<group>"; };
		761254FC1D4A0C6400BE584E /* ViewController.h */ = {isa = PBXFileReference; lastKnownFileType = sourcecode.c.h; path = ViewController.h; sourceTree = "<group>"; };
		761254FD1D4A0C6400BE584E /* ViewController.m */ = {isa = PBXFileReference; lastKnownFileType = sourcecode.c.objc; path = ViewController.m; sourceTree = "<group>"; };
		761255001D4A0C6400BE584E /* Base */ = {isa = PBXFileReference; lastKnownFileType = file.storyboard; name = Base; path = Base.lproj/Main.storyboard; sourceTree = "<group>"; };
		761255021D4A0C6500BE584E /* Assets.xcassets */ = {isa = PBXFileReference; lastKnownFileType = folder.assetcatalog; path = Assets.xcassets; sourceTree = "<group>"; };
		761255051D4A0C6500BE584E /* Base */ = {isa = PBXFileReference; lastKnownFileType = file.storyboard; name = Base; path = Base.lproj/LaunchScreen.storyboard; sourceTree = "<group>"; };
		761255071D4A0C6500BE584E /* Info.plist */ = {isa = PBXFileReference; lastKnownFileType = text.plist.xml; path = Info.plist; sourceTree = "<group>"; };
		7612550C1D4A0C6500BE584E /* test1Tests.xctest */ = {isa = PBXFileReference; explicitFileType = wrapper.cfbundle; includeInIndex = 0; path = test1Tests.xctest; sourceTree = BUILT_PRODUCTS_DIR; };
		761255101D4A0C6500BE584E /* test1Tests.m */ = {isa = PBXFileReference; lastKnownFileType = sourcecode.c.objc; path = test1Tests.m; sourceTree = "<group>"; };
		761255121D4A0C6500BE584E /* Info.plist */ = {isa = PBXFileReference; lastKnownFileType = text.plist.xml; path = Info.plist; sourceTree = "<group>"; };
		761255171D4A0C6500BE584E /* test1UITests.xctest */ = {isa = PBXFileReference; explicitFileType = wrapper.cfbundle; includeInIndex = 0; path = test1UITests.xctest; sourceTree = BUILT_PRODUCTS_DIR; };
		7612551B1D4A0C6500BE584E /* test1UITests.m */ = {isa = PBXFileReference; lastKnownFileType = sourcecode.c.objc; path = test1UITests.m; sourceTree = "<group>"; };
		7612551D1D4A0C6500BE584E /* Info.plist */ = {isa = PBXFileReference; lastKnownFileType = text.plist.xml; path = Info.plist; sourceTree = "<group>"; };
		761FBDD11D8168DD007B647E /* AppDelegate+YHPush.h */ = {isa = PBXFileReference; fileEncoding = 4; lastKnownFileType = sourcecode.c.h; path = "AppDelegate+YHPush.h"; sourceTree = "<group>"; };
		761FBDD21D8168DD007B647E /* AppDelegate+YHPush.m */ = {isa = PBXFileReference; fileEncoding = 4; lastKnownFileType = sourcecode.c.objc; path = "AppDelegate+YHPush.m"; sourceTree = "<group>"; };
		7629E5431D758908007C1D3A /* NSString+YHString.h */ = {isa = PBXFileReference; fileEncoding = 4; lastKnownFileType = sourcecode.c.h; path = "NSString+YHString.h"; sourceTree = "<group>"; };
		7629E5441D758908007C1D3A /* NSString+YHString.m */ = {isa = PBXFileReference; fileEncoding = 4; lastKnownFileType = sourcecode.c.objc; path = "NSString+YHString.m"; sourceTree = "<group>"; };
		76516D671D51FFA000FAFAFD /* TwoViewController.h */ = {isa = PBXFileReference; fileEncoding = 4; lastKnownFileType = sourcecode.c.h; path = TwoViewController.h; sourceTree = "<group>"; };
		76516D681D51FFA000FAFAFD /* TwoViewController.m */ = {isa = PBXFileReference; fileEncoding = 4; lastKnownFileType = sourcecode.c.objc; path = TwoViewController.m; sourceTree = "<group>"; };
		76516D6A1D52067E00FAFAFD /* TwoView.h */ = {isa = PBXFileReference; fileEncoding = 4; lastKnownFileType = sourcecode.c.h; path = TwoView.h; sourceTree = "<group>"; };
		76516D6B1D52067E00FAFAFD /* TwoView.m */ = {isa = PBXFileReference; fileEncoding = 4; lastKnownFileType = sourcecode.c.objc; path = TwoView.m; sourceTree = "<group>"; };
		765256021D747CC7000D11F7 /* YHEmployeeDevelopment.h */ = {isa = PBXFileReference; fileEncoding = 4; lastKnownFileType = sourcecode.c.h; path = YHEmployeeDevelopment.h; sourceTree = "<group>"; };
		765256031D747CC7000D11F7 /* YHEmployeeDevelopment.m */ = {isa = PBXFileReference; fileEncoding = 4; lastKnownFileType = sourcecode.c.objc; path = YHEmployeeDevelopment.m; sourceTree = "<group>"; };
		765256051D747CDB000D11F7 /* YHEmployeeDesigner.h */ = {isa = PBXFileReference; fileEncoding = 4; lastKnownFileType = sourcecode.c.h; path = YHEmployeeDesigner.h; sourceTree = "<group>"; };
		765256061D747CDB000D11F7 /* YHEmployeeDesigner.m */ = {isa = PBXFileReference; fileEncoding = 4; lastKnownFileType = sourcecode.c.objc; path = YHEmployeeDesigner.m; sourceTree = "<group>"; };
		765256081D747CF0000D11F7 /* YHEmployeeFinace.h */ = {isa = PBXFileReference; fileEncoding = 4; lastKnownFileType = sourcecode.c.h; path = YHEmployeeFinace.h; sourceTree = "<group>"; };
		765256091D747CF0000D11F7 /* YHEmployeeFinace.m */ = {isa = PBXFileReference; fileEncoding = 4; lastKnownFileType = sourcecode.c.objc; path = YHEmployeeFinace.m; sourceTree = "<group>"; };
		767F23961D757D7F000BD500 /* YHString.h */ = {isa = PBXFileReference; fileEncoding = 4; lastKnownFileType = sourcecode.c.h; path = YHString.h; sourceTree = "<group>"; };
		767F23971D757D7F000BD500 /* YHString.m */ = {isa = PBXFileReference; fileEncoding = 4; lastKnownFileType = sourcecode.c.objc; path = YHString.m; sourceTree = "<group>"; };
		76883AF21D6ED36A00A44825 /* PrefixHeader.pch */ = {isa = PBXFileReference; lastKnownFileType = sourcecode.c.h; path = PrefixHeader.pch; sourceTree = "<group>"; };
		76883AF31D6EE9DE00A44825 /* WebKit.framework */ = {isa = PBXFileReference; lastKnownFileType = wrapper.framework; name = WebKit.framework; path = System/Library/Frameworks/WebKit.framework; sourceTree = SDKROOT; };
		7692E98C1D5B1426005546E6 /* Model.xcdatamodel */ = {isa = PBXFileReference; lastKnownFileType = wrapper.xcdatamodel; path = Model.xcdatamodel; sourceTree = "<group>"; };
		76955B861D7448870097CDD6 /* YHHashTable.h */ = {isa = PBXFileReference; fileEncoding = 4; lastKnownFileType = sourcecode.c.h; path = YHHashTable.h; sourceTree = "<group>"; };
		76955B871D7448870097CDD6 /* YHHashTable.m */ = {isa = PBXFileReference; fileEncoding = 4; lastKnownFileType = sourcecode.c.objc; path = YHHashTable.m; sourceTree = "<group>"; };
		76B73F571D52F04200A37C56 /* ThreeViewController.h */ = {isa = PBXFileReference; fileEncoding = 4; lastKnownFileType = sourcecode.c.h; path = ThreeViewController.h; sourceTree = "<group>"; };
		76B73F581D52F04200A37C56 /* ThreeViewController.m */ = {isa = PBXFileReference; fileEncoding = 4; lastKnownFileType = sourcecode.c.objc; path = ThreeViewController.m; sourceTree = "<group>"; };
		76B73F5A1D53119E00A37C56 /* ThreeView.h */ = {isa = PBXFileReference; fileEncoding = 4; lastKnownFileType = sourcecode.c.h; path = ThreeView.h; sourceTree = "<group>"; };
		76B73F5B1D53119E00A37C56 /* ThreeView.m */ = {isa = PBXFileReference; fileEncoding = 4; lastKnownFileType = sourcecode.c.objc; path = ThreeView.m; sourceTree = "<group>"; };
		76F483DD1D4D9FC80089A26C /* QYHReqeuest.h */ = {isa = PBXFileReference; fileEncoding = 4; lastKnownFileType = sourcecode.c.h; path = QYHReqeuest.h; sourceTree = "<group>"; };
		76F483DE1D4D9FC80089A26C /* QYHReqeuest.m */ = {isa = PBXFileReference; fileEncoding = 4; lastKnownFileType = sourcecode.c.objc; path = QYHReqeuest.m; sourceTree = "<group>"; };
		CFD5890DF95F6B8AAB3381EA /* Pods.release.xcconfig */ = {isa = PBXFileReference; includeInIndex = 1; lastKnownFileType = text.xcconfig; name = Pods.release.xcconfig; path = "Pods/Target Support Files/Pods/Pods.release.xcconfig"; sourceTree = "<group>"; };
/* End PBXFileReference section */

/* Begin PBXFrameworksBuildPhase section */
		761254F01D4A0C6400BE584E /* Frameworks */ = {
			isa = PBXFrameworksBuildPhase;
			buildActionMask = 2147483647;
			files = (
				76883AF41D6EE9DE00A44825 /* WebKit.framework in Frameworks */,
				DC5568F0A9D763631E33B1EE /* libPods.a in Frameworks */,
			);
			runOnlyForDeploymentPostprocessing = 0;
		};
		761255091D4A0C6500BE584E /* Frameworks */ = {
			isa = PBXFrameworksBuildPhase;
			buildActionMask = 2147483647;
			files = (
			);
			runOnlyForDeploymentPostprocessing = 0;
		};
		761255141D4A0C6500BE584E /* Frameworks */ = {
			isa = PBXFrameworksBuildPhase;
			buildActionMask = 2147483647;
			files = (
			);
			runOnlyForDeploymentPostprocessing = 0;
		};
/* End PBXFrameworksBuildPhase section */

/* Begin PBXGroup section */
		48E90B316C6550E6655A57ED /* Frameworks */ = {
			isa = PBXGroup;
			children = (
				76883AF31D6EE9DE00A44825 /* WebKit.framework */,
				1E4692B34DDF07EDD2E07941 /* libPods.a */,
			);
			name = Frameworks;
			sourceTree = "<group>";
		};
		761254EA1D4A0C6400BE584E = {
			isa = PBXGroup;
			children = (
				761254F51D4A0C6400BE584E /* test1 */,
				7612550F1D4A0C6500BE584E /* test1Tests */,
				7612551A1D4A0C6500BE584E /* test1UITests */,
				761254F41D4A0C6400BE584E /* Products */,
				B8ABB914097E55A8469FB5FF /* Pods */,
				48E90B316C6550E6655A57ED /* Frameworks */,
			);
			sourceTree = "<group>";
		};
		761254F41D4A0C6400BE584E /* Products */ = {
			isa = PBXGroup;
			children = (
				761254F31D4A0C6400BE584E /* test1.app */,
				7612550C1D4A0C6500BE584E /* test1Tests.xctest */,
				761255171D4A0C6500BE584E /* test1UITests.xctest */,
			);
			name = Products;
			sourceTree = "<group>";
		};
		761254F51D4A0C6400BE584E /* test1 */ = {
			isa = PBXGroup;
			children = (
				761254F91D4A0C6400BE584E /* AppDelegate.h */,
				761254FA1D4A0C6400BE584E /* AppDelegate.m */,
				761FBDD11D8168DD007B647E /* AppDelegate+YHPush.h */,
				761FBDD21D8168DD007B647E /* AppDelegate+YHPush.m */,
				761254FC1D4A0C6400BE584E /* ViewController.h */,
				761254FD1D4A0C6400BE584E /* ViewController.m */,
				76516D671D51FFA000FAFAFD /* TwoViewController.h */,
				76516D681D51FFA000FAFAFD /* TwoViewController.m */,
				76516D6A1D52067E00FAFAFD /* TwoView.h */,
				76516D6B1D52067E00FAFAFD /* TwoView.m */,
				76B73F571D52F04200A37C56 /* ThreeViewController.h */,
				76B73F581D52F04200A37C56 /* ThreeViewController.m */,
				76B73F5A1D53119E00A37C56 /* ThreeView.h */,
				76B73F5B1D53119E00A37C56 /* ThreeView.m */,
				76F483DD1D4D9FC80089A26C /* QYHReqeuest.h */,
				76F483DE1D4D9FC80089A26C /* QYHReqeuest.m */,
				76883AF21D6ED36A00A44825 /* PrefixHeader.pch */,
				76955B861D7448870097CDD6 /* YHHashTable.h */,
				76955B871D7448870097CDD6 /* YHHashTable.m */,
				765256021D747CC7000D11F7 /* YHEmployeeDevelopment.h */,
				765256031D747CC7000D11F7 /* YHEmployeeDevelopment.m */,
				765256051D747CDB000D11F7 /* YHEmployeeDesigner.h */,
				765256061D747CDB000D11F7 /* YHEmployeeDesigner.m */,
				765256081D747CF0000D11F7 /* YHEmployeeFinace.h */,
				765256091D747CF0000D11F7 /* YHEmployeeFinace.m */,
				767F23961D757D7F000BD500 /* YHString.h */,
				767F23971D757D7F000BD500 /* YHString.m */,
				7629E5431D758908007C1D3A /* NSString+YHString.h */,
				7629E5441D758908007C1D3A /* NSString+YHString.m */,
				7692E98B1D5B1426005546E6 /* Model.xcdatamodeld */,
				761254FF1D4A0C6400BE584E /* Main.storyboard */,
				761255021D4A0C6500BE584E /* Assets.xcassets */,
				761255041D4A0C6500BE584E /* LaunchScreen.storyboard */,
				761255071D4A0C6500BE584E /* Info.plist */,
				761254F61D4A0C6400BE584E /* Supporting Files */,
			);
			path = test1;
			sourceTree = "<group>";
		};
		761254F61D4A0C6400BE584E /* Supporting Files */ = {
			isa = PBXGroup;
			children = (
				761254F71D4A0C6400BE584E /* main.m */,
			);
			name = "Supporting Files";
			sourceTree = "<group>";
		};
		7612550F1D4A0C6500BE584E /* test1Tests */ = {
			isa = PBXGroup;
			children = (
				761255101D4A0C6500BE584E /* test1Tests.m */,
				761255121D4A0C6500BE584E /* Info.plist */,
			);
			path = test1Tests;
			sourceTree = "<group>";
		};
		7612551A1D4A0C6500BE584E /* test1UITests */ = {
			isa = PBXGroup;
			children = (
				7612551B1D4A0C6500BE584E /* test1UITests.m */,
				7612551D1D4A0C6500BE584E /* Info.plist */,
			);
			path = test1UITests;
			sourceTree = "<group>";
		};
		B8ABB914097E55A8469FB5FF /* Pods */ = {
			isa = PBXGroup;
			children = (
				41B1328527C8C8636DD13107 /* Pods.debug.xcconfig */,
				CFD5890DF95F6B8AAB3381EA /* Pods.release.xcconfig */,
			);
			name = Pods;
			sourceTree = "<group>";
		};
/* End PBXGroup section */

/* Begin PBXNativeTarget section */
		761254F21D4A0C6400BE584E /* test1 */ = {
			isa = PBXNativeTarget;
			buildConfigurationList = 761255201D4A0C6500BE584E /* Build configuration list for PBXNativeTarget "test1" */;
			buildPhases = (
				3297054C81BE3354A7C92E91 /* Check Pods Manifest.lock */,
				761254EF1D4A0C6400BE584E /* Sources */,
				761254F01D4A0C6400BE584E /* Frameworks */,
				761254F11D4A0C6400BE584E /* Resources */,
				8D0201A382A7E40FEF0A9FE1 /* Embed Pods Frameworks */,
				2EB44E27E8B70758F5A21663 /* Copy Pods Resources */,
			);
			buildRules = (
			);
			dependencies = (
			);
			name = test1;
			productName = test1;
			productReference = 761254F31D4A0C6400BE584E /* test1.app */;
			productType = "com.apple.product-type.application";
		};
		7612550B1D4A0C6500BE584E /* test1Tests */ = {
			isa = PBXNativeTarget;
			buildConfigurationList = 761255231D4A0C6500BE584E /* Build configuration list for PBXNativeTarget "test1Tests" */;
			buildPhases = (
				761255081D4A0C6500BE584E /* Sources */,
				761255091D4A0C6500BE584E /* Frameworks */,
				7612550A1D4A0C6500BE584E /* Resources */,
			);
			buildRules = (
			);
			dependencies = (
				7612550E1D4A0C6500BE584E /* PBXTargetDependency */,
			);
			name = test1Tests;
			productName = test1Tests;
			productReference = 7612550C1D4A0C6500BE584E /* test1Tests.xctest */;
			productType = "com.apple.product-type.bundle.unit-test";
		};
		761255161D4A0C6500BE584E /* test1UITests */ = {
			isa = PBXNativeTarget;
			buildConfigurationList = 761255261D4A0C6500BE584E /* Build configuration list for PBXNativeTarget "test1UITests" */;
			buildPhases = (
				761255131D4A0C6500BE584E /* Sources */,
				761255141D4A0C6500BE584E /* Frameworks */,
				761255151D4A0C6500BE584E /* Resources */,
			);
			buildRules = (
			);
			dependencies = (
				761255191D4A0C6500BE584E /* PBXTargetDependency */,
			);
			name = test1UITests;
			productName = test1UITests;
			productReference = 761255171D4A0C6500BE584E /* test1UITests.xctest */;
			productType = "com.apple.product-type.bundle.ui-testing";
		};
/* End PBXNativeTarget section */

/* Begin PBXProject section */
		761254EB1D4A0C6400BE584E /* Project object */ = {
			isa = PBXProject;
			attributes = {
				LastUpgradeCheck = 0730;
				ORGANIZATIONNAME = yinghu;
				TargetAttributes = {
					761254F21D4A0C6400BE584E = {
						CreatedOnToolsVersion = 7.3.1;
					};
					7612550B1D4A0C6500BE584E = {
						CreatedOnToolsVersion = 7.3.1;
						TestTargetID = 761254F21D4A0C6400BE584E;
					};
					761255161D4A0C6500BE584E = {
						CreatedOnToolsVersion = 7.3.1;
						TestTargetID = 761254F21D4A0C6400BE584E;
					};
				};
			};
			buildConfigurationList = 761254EE1D4A0C6400BE584E /* Build configuration list for PBXProject "test1" */;
			compatibilityVersion = "Xcode 3.2";
			developmentRegion = English;
			hasScannedForEncodings = 0;
			knownRegions = (
				en,
				Base,
			);
			mainGroup = 761254EA1D4A0C6400BE584E;
			productRefGroup = 761254F41D4A0C6400BE584E /* Products */;
			projectDirPath = "";
			projectRoot = "";
			targets = (
				761254F21D4A0C6400BE584E /* test1 */,
				7612550B1D4A0C6500BE584E /* test1Tests */,
				761255161D4A0C6500BE584E /* test1UITests */,
			);
		};
/* End PBXProject section */

/* Begin PBXResourcesBuildPhase section */
		761254F11D4A0C6400BE584E /* Resources */ = {
			isa = PBXResourcesBuildPhase;
			buildActionMask = 2147483647;
			files = (
				761255061D4A0C6500BE584E /* LaunchScreen.storyboard in Resources */,
				761255031D4A0C6500BE584E /* Assets.xcassets in Resources */,
				761255011D4A0C6400BE584E /* Main.storyboard in Resources */,
			);
			runOnlyForDeploymentPostprocessing = 0;
		};
		7612550A1D4A0C6500BE584E /* Resources */ = {
			isa = PBXResourcesBuildPhase;
			buildActionMask = 2147483647;
			files = (
			);
			runOnlyForDeploymentPostprocessing = 0;
		};
		761255151D4A0C6500BE584E /* Resources */ = {
			isa = PBXResourcesBuildPhase;
			buildActionMask = 2147483647;
			files = (
			);
			runOnlyForDeploymentPostprocessing = 0;
		};
/* End PBXResourcesBuildPhase section */

/* Begin PBXShellScriptBuildPhase section */
		2EB44E27E8B70758F5A21663 /* Copy Pods Resources */ = {
			isa = PBXShellScriptBuildPhase;
			buildActionMask = 2147483647;
			files = (
			);
			inputPaths = (
			);
			name = "Copy Pods Resources";
			outputPaths = (
			);
			runOnlyForDeploymentPostprocessing = 0;
			shellPath = /bin/sh;
			shellScript = "\"${SRCROOT}/Pods/Target Support Files/Pods/Pods-resources.sh\"\n";
			showEnvVarsInLog = 0;
		};
		3297054C81BE3354A7C92E91 /* Check Pods Manifest.lock */ = {
			isa = PBXShellScriptBuildPhase;
			buildActionMask = 2147483647;
			files = (
			);
			inputPaths = (
			);
			name = "Check Pods Manifest.lock";
			outputPaths = (
			);
			runOnlyForDeploymentPostprocessing = 0;
			shellPath = /bin/sh;
			shellScript = "diff \"${PODS_ROOT}/../Podfile.lock\" \"${PODS_ROOT}/Manifest.lock\" > /dev/null\nif [[ $? != 0 ]] ; then\n    cat << EOM\nerror: The sandbox is not in sync with the Podfile.lock. Run 'pod install' or update your CocoaPods installation.\nEOM\n    exit 1\nfi\n";
			showEnvVarsInLog = 0;
		};
		8D0201A382A7E40FEF0A9FE1 /* Embed Pods Frameworks */ = {
			isa = PBXShellScriptBuildPhase;
			buildActionMask = 2147483647;
			files = (
			);
			inputPaths = (
			);
			name = "Embed Pods Frameworks";
			outputPaths = (
			);
			runOnlyForDeploymentPostprocessing = 0;
			shellPath = /bin/sh;
			shellScript = "\"${SRCROOT}/Pods/Target Support Files/Pods/Pods-frameworks.sh\"\n";
			showEnvVarsInLog = 0;
		};
/* End PBXShellScriptBuildPhase section */

/* Begin PBXSourcesBuildPhase section */
		761254EF1D4A0C6400BE584E /* Sources */ = {
			isa = PBXSourcesBuildPhase;
			buildActionMask = 2147483647;
			files = (
				76F483DF1D4D9FC80089A26C /* QYHReqeuest.m in Sources */,
				7629E5451D758908007C1D3A /* NSString+YHString.m in Sources */,
				76B73F5C1D53119E00A37C56 /* ThreeView.m in Sources */,
				7652560A1D747CF0000D11F7 /* YHEmployeeFinace.m in Sources */,
				76B73F591D52F04200A37C56 /* ThreeViewController.m in Sources */,
				761254FE1D4A0C6400BE584E /* ViewController.m in Sources */,
				767F23981D757D7F000BD500 /* YHString.m in Sources */,
				761FBDD31D8168DD007B647E /* AppDelegate+YHPush.m in Sources */,
				761254FB1D4A0C6400BE584E /* AppDelegate.m in Sources */,
				76955B881D7448870097CDD6 /* YHHashTable.m in Sources */,
				765256041D747CC7000D11F7 /* YHEmployeeDevelopment.m in Sources */,
				7692E98D1D5B1426005546E6 /* Model.xcdatamodeld in Sources */,
				76516D6C1D52067E00FAFAFD /* TwoView.m in Sources */,
				765256071D747CDB000D11F7 /* YHEmployeeDesigner.m in Sources */,
				76516D691D51FFA000FAFAFD /* TwoViewController.m in Sources */,
				761254F81D4A0C6400BE584E /* main.m in Sources */,
			);
			runOnlyForDeploymentPostprocessing = 0;
		};
		761255081D4A0C6500BE584E /* Sources */ = {
			isa = PBXSourcesBuildPhase;
			buildActionMask = 2147483647;
			files = (
				761255111D4A0C6500BE584E /* test1Tests.m in Sources */,
			);
			runOnlyForDeploymentPostprocessing = 0;
		};
		761255131D4A0C6500BE584E /* Sources */ = {
			isa = PBXSourcesBuildPhase;
			buildActionMask = 2147483647;
			files = (
				7612551C1D4A0C6500BE584E /* test1UITests.m in Sources */,
			);
			runOnlyForDeploymentPostprocessing = 0;
		};
/* End PBXSourcesBuildPhase section */

/* Begin PBXTargetDependency section */
		7612550E1D4A0C6500BE584E /* PBXTargetDependency */ = {
			isa = PBXTargetDependency;
			target = 761254F21D4A0C6400BE584E /* test1 */;
			targetProxy = 7612550D1D4A0C6500BE584E /* PBXContainerItemProxy */;
		};
		761255191D4A0C6500BE584E /* PBXTargetDependency */ = {
			isa = PBXTargetDependency;
			target = 761254F21D4A0C6400BE584E /* test1 */;
			targetProxy = 761255181D4A0C6500BE584E /* PBXContainerItemProxy */;
		};
/* End PBXTargetDependency section */

/* Begin PBXVariantGroup section */
		761254FF1D4A0C6400BE584E /* Main.storyboard */ = {
			isa = PBXVariantGroup;
			children = (
				761255001D4A0C6400BE584E /* Base */,
			);
			name = Main.storyboard;
			sourceTree = "<group>";
		};
		761255041D4A0C6500BE584E /* LaunchScreen.storyboard */ = {
			isa = PBXVariantGroup;
			children = (
				761255051D4A0C6500BE584E /* Base */,
			);
			name = LaunchScreen.storyboard;
			sourceTree = "<group>";
		};
/* End PBXVariantGroup section */

/* Begin XCBuildConfiguration section */
		7612551E1D4A0C6500BE584E /* Debug */ = {
			isa = XCBuildConfiguration;
			buildSettings = {
				ALWAYS_SEARCH_USER_PATHS = NO;
				CLANG_ANALYZER_NONNULL = YES;
				CLANG_CXX_LANGUAGE_STANDARD = "gnu++0x";
				CLANG_CXX_LIBRARY = "libc++";
				CLANG_ENABLE_MODULES = YES;
				CLANG_ENABLE_OBJC_ARC = YES;
				CLANG_WARN_BOOL_CONVERSION = YES;
				CLANG_WARN_CONSTANT_CONVERSION = YES;
				CLANG_WARN_DIRECT_OBJC_ISA_USAGE = YES_ERROR;
				CLANG_WARN_EMPTY_BODY = YES;
				CLANG_WARN_ENUM_CONVERSION = YES;
				CLANG_WARN_INT_CONVERSION = YES;
				CLANG_WARN_OBJC_ROOT_CLASS = YES_ERROR;
				CLANG_WARN_UNREACHABLE_CODE = YES;
				CLANG_WARN__DUPLICATE_METHOD_MATCH = YES;
				"CODE_SIGN_IDENTITY[sdk=iphoneos*]" = "iPhone Developer";
				COPY_PHASE_STRIP = NO;
				DEBUG_INFORMATION_FORMAT = dwarf;
				ENABLE_STRICT_OBJC_MSGSEND = YES;
				ENABLE_TESTABILITY = YES;
				GCC_C_LANGUAGE_STANDARD = gnu99;
				GCC_DYNAMIC_NO_PIC = NO;
				GCC_NO_COMMON_BLOCKS = YES;
				GCC_OPTIMIZATION_LEVEL = 0;
				GCC_PREPROCESSOR_DEFINITIONS = (
					"DEBUG=1",
					"$(inherited)",
				);
				GCC_WARN_64_TO_32_BIT_CONVERSION = YES;
				GCC_WARN_ABOUT_RETURN_TYPE = YES_ERROR;
				GCC_WARN_UNDECLARED_SELECTOR = YES;
				GCC_WARN_UNINITIALIZED_AUTOS = YES_AGGRESSIVE;
				GCC_WARN_UNUSED_FUNCTION = YES;
				GCC_WARN_UNUSED_VARIABLE = YES;
				IPHONEOS_DEPLOYMENT_TARGET = 9.3;
				MTL_ENABLE_DEBUG_INFO = YES;
				ONLY_ACTIVE_ARCH = YES;
				OTHER_LDFLAGS = "";
				SDKROOT = iphoneos;
				TARGETED_DEVICE_FAMILY = "1,2";
			};
			name = Debug;
		};
		7612551F1D4A0C6500BE584E /* Release */ = {
			isa = XCBuildConfiguration;
			buildSettings = {
				ALWAYS_SEARCH_USER_PATHS = NO;
				CLANG_ANALYZER_NONNULL = YES;
				CLANG_CXX_LANGUAGE_STANDARD = "gnu++0x";
				CLANG_CXX_LIBRARY = "libc++";
				CLANG_ENABLE_MODULES = YES;
				CLANG_ENABLE_OBJC_ARC = YES;
				CLANG_WARN_BOOL_CONVERSION = YES;
				CLANG_WARN_CONSTANT_CONVERSION = YES;
				CLANG_WARN_DIRECT_OBJC_ISA_USAGE = YES_ERROR;
				CLANG_WARN_EMPTY_BODY = YES;
				CLANG_WARN_ENUM_CONVERSION = YES;
				CLANG_WARN_INT_CONVERSION = YES;
				CLANG_WARN_OBJC_ROOT_CLASS = YES_ERROR;
				CLANG_WARN_UNREACHABLE_CODE = YES;
				CLANG_WARN__DUPLICATE_METHOD_MATCH = YES;
				"CODE_SIGN_IDENTITY[sdk=iphoneos*]" = "iPhone Developer";
				COPY_PHASE_STRIP = NO;
				DEBUG_INFORMATION_FORMAT = "dwarf-with-dsym";
				ENABLE_NS_ASSERTIONS = NO;
				ENABLE_STRICT_OBJC_MSGSEND = YES;
				GCC_C_LANGUAGE_STANDARD = gnu99;
				GCC_NO_COMMON_BLOCKS = YES;
				GCC_WARN_64_TO_32_BIT_CONVERSION = YES;
				GCC_WARN_ABOUT_RETURN_TYPE = YES_ERROR;
				GCC_WARN_UNDECLARED_SELECTOR = YES;
				GCC_WARN_UNINITIALIZED_AUTOS = YES_AGGRESSIVE;
				GCC_WARN_UNUSED_FUNCTION = YES;
				GCC_WARN_UNUSED_VARIABLE = YES;
				IPHONEOS_DEPLOYMENT_TARGET = 9.3;
				MTL_ENABLE_DEBUG_INFO = NO;
				OTHER_LDFLAGS = "";
				SDKROOT = iphoneos;
				TARGETED_DEVICE_FAMILY = "1,2";
				VALIDATE_PRODUCT = YES;
			};
			name = Release;
		};
		761255211D4A0C6500BE584E /* Debug */ = {
			isa = XCBuildConfiguration;
			baseConfigurationReference = 41B1328527C8C8636DD13107 /* Pods.debug.xcconfig */;
			buildSettings = {
				ASSETCATALOG_COMPILER_APPICON_NAME = AppIcon;
				GCC_PREFIX_HEADER = /Users/yinghu/Desktop/iOS/test1/test1/PrefixHeader.pch;
				INFOPLIST_FILE = test1/Info.plist;
				IPHONEOS_DEPLOYMENT_TARGET = 8.2;
				LD_RUNPATH_SEARCH_PATHS = "$(inherited) @executable_path/Frameworks";
				PRODUCT_BUNDLE_IDENTIFIER = yinghu.test1;
				PRODUCT_NAME = "$(TARGET_NAME)";
			};
			name = Debug;
		};
		761255221D4A0C6500BE584E /* Release */ = {
			isa = XCBuildConfiguration;
			baseConfigurationReference = CFD5890DF95F6B8AAB3381EA /* Pods.release.xcconfig */;
			buildSettings = {
				ASSETCATALOG_COMPILER_APPICON_NAME = AppIcon;
				GCC_PREFIX_HEADER = /Users/yinghu/Desktop/iOS/test1/test1/PrefixHeader.pch;
				INFOPLIST_FILE = test1/Info.plist;
				IPHONEOS_DEPLOYMENT_TARGET = 8.2;
				LD_RUNPATH_SEARCH_PATHS = "$(inherited) @executable_path/Frameworks";
				PRODUCT_BUNDLE_IDENTIFIER = yinghu.test1;
				PRODUCT_NAME = "$(TARGET_NAME)";
			};
			name = Release;
		};
		761255241D4A0C6500BE584E /* Debug */ = {
			isa = XCBuildConfiguration;
			buildSettings = {
				BUNDLE_LOADER = "$(TEST_HOST)";
				INFOPLIST_FILE = test1Tests/Info.plist;
				LD_RUNPATH_SEARCH_PATHS = "$(inherited) @executable_path/Frameworks @loader_path/Frameworks";
				PRODUCT_BUNDLE_IDENTIFIER = yinghu.test1Tests;
				PRODUCT_NAME = "$(TARGET_NAME)";
				TEST_HOST = "$(BUILT_PRODUCTS_DIR)/test1.app/test1";
			};
			name = Debug;
		};
		761255251D4A0C6500BE584E /* Release */ = {
			isa = XCBuildConfiguration;
			buildSettings = {
				BUNDLE_LOADER = "$(TEST_HOST)";
				INFOPLIST_FILE = test1Tests/Info.plist;
				LD_RUNPATH_SEARCH_PATHS = "$(inherited) @executable_path/Frameworks @loader_path/Frameworks";
				PRODUCT_BUNDLE_IDENTIFIER = yinghu.test1Tests;
				PRODUCT_NAME = "$(TARGET_NAME)";
				TEST_HOST = "$(BUILT_PRODUCTS_DIR)/test1.app/test1";
			};
			name = Release;
		};
		761255271D4A0C6500BE584E /* Debug */ = {
			isa = XCBuildConfiguration;
			buildSettings = {
				INFOPLIST_FILE = test1UITests/Info.plist;
				LD_RUNPATH_SEARCH_PATHS = "$(inherited) @executable_path/Frameworks @loader_path/Frameworks";
				PRODUCT_BUNDLE_IDENTIFIER = yinghu.test1UITests;
				PRODUCT_NAME = "$(TARGET_NAME)";
				TEST_TARGET_NAME = test1;
			};
			name = Debug;
		};
		761255281D4A0C6500BE584E /* Release */ = {
			isa = XCBuildConfiguration;
			buildSettings = {
				INFOPLIST_FILE = test1UITests/Info.plist;
				LD_RUNPATH_SEARCH_PATHS = "$(inherited) @executable_path/Frameworks @loader_path/Frameworks";
				PRODUCT_BUNDLE_IDENTIFIER = yinghu.test1UITests;
				PRODUCT_NAME = "$(TARGET_NAME)";
				TEST_TARGET_NAME = test1;
			};
			name = Release;
		};
/* End XCBuildConfiguration section */

/* Begin XCConfigurationList section */
		761254EE1D4A0C6400BE584E /* Build configuration list for PBXProject "test1" */ = {
			isa = XCConfigurationList;
			buildConfigurations = (
				7612551E1D4A0C6500BE584E /* Debug */,
				7612551F1D4A0C6500BE584E /* Release */,
			);
			defaultConfigurationIsVisible = 0;
			defaultConfigurationName = Release;
		};
		761255201D4A0C6500BE584E /* Build configuration list for PBXNativeTarget "test1" */ = {
			isa = XCConfigurationList;
			buildConfigurations = (
				761255211D4A0C6500BE584E /* Debug */,
				761255221D4A0C6500BE584E /* Release */,
			);
			defaultConfigurationIsVisible = 0;
			defaultConfigurationName = Release;
		};
		761255231D4A0C6500BE584E /* Build configuration list for PBXNativeTarget "test1Tests" */ = {
			isa = XCConfigurationList;
			buildConfigurations = (
				761255241D4A0C6500BE584E /* Debug */,
				761255251D4A0C6500BE584E /* Release */,
			);
			defaultConfigurationIsVisible = 0;
			defaultConfigurationName = Release;
		};
		761255261D4A0C6500BE584E /* Build configuration list for PBXNativeTarget "test1UITests" */ = {
			isa = XCConfigurationList;
			buildConfigurations = (
				761255271D4A0C6500BE584E /* Debug */,
				761255281D4A0C6500BE584E /* Release */,
			);
			defaultConfigurationIsVisible = 0;
			defaultConfigurationName = Release;
		};
/* End XCConfigurationList section */

/* Begin XCVersionGroup section */
		7692E98B1D5B1426005546E6 /* Model.xcdatamodeld */ = {
			isa = XCVersionGroup;
			children = (
				7692E98C1D5B1426005546E6 /* Model.xcdatamodel */,
			);
			currentVersion = 7692E98C1D5B1426005546E6 /* Model.xcdatamodel */;
			path = Model.xcdatamodeld;
			sourceTree = "<group>";
			versionGroupType = wrapper.xcdatamodel;
		};
/* End XCVersionGroup section */
	};
	rootObject = 761254EB1D4A0C6400BE584E /* Project object */;
}
